
Microsoft Visual Studio Solution File, Format Version 12.00
# Visual Studio 15
VisualStudioVersion = 15.0.28307.572
MinimumVisualStudioVersion = 10.0.40219.1
Project("{FAE04EC0-301F-11D3-BF4B-00C04F79EFBC}") = "raj2", "raj2\raj2.csproj", "{5B9BBA3F-29E0-42E1-9A1B-53D2C673DA87}"
EndProject
Global
	GlobalSection(SolutionConfigurationPlatforms) = preSolution
		Debug|Any CPU = Debug|Any CPU
		Release|Any CPU = Release|Any CPU
	EndGlobalSection
	GlobalSection(ProjectConfigurationPlatforms) = postSolution
		{5B9BBA3F-29E0-42E1-9A1B-53D2C673DA87}.Debug|Any CPU.ActiveCfg = Debug|Any CPU
		{5B9BBA3F-29E0-42E1-9A1B-53D2C673DA87}.Debug|Any CPU.Build.0 = Debug|Any CPU
		{5B9BBA3F-29E0-42E1-9A1B-53D2C673DA87}.Release|Any CPU.ActiveCfg = Release|Any CPU
		{5B9BBA3F-29E0-42E1-9A1B-53D2C673DA87}.Release|Any CPU.Build.0 = Release|Any CPU
	EndGlobalSection
	GlobalSection(SolutionProperties) = preSolution
		HideSolutionNode = FALSE
	EndGlobalSection
	GlobalSection(ExtensibilityGlobals) = postSolution
		SolutionGuid = {EBAE768D-3AFF-4E6F-A4A4-199EF26CC313}
	EndGlobalSection
EndGlobal
